{
  "name": "fontsToBeDefined_2",
  "lockfileVersion": 2,
  "requires": true,
  "packages": {
    "": {
      "dependencies": {
        "fela-plugin-embedded": "^11.7.0",
        "fela-plugin-extend": "^11.7.0",
        "fela-plugin-friendly-pseudo-class": "^11.7.0",
        "fela-plugin-responsive-value": "^11.7.0"
      }
    },
    "node_modules/css-in-js-utils": {
      "version": "3.1.0",
      "resolved": "https://registry.npmjs.org/css-in-js-utils/-/css-in-js-utils-3.1.0.tgz",
      "integrity": "sha512-fJAcud6B3rRu+KHYk+Bwf+WFL2MDCJJ1XG9x137tJQ0xYxor7XziQtuGFbWNdqrvF4Tk26O3H73nfVqXt/fW1A==",
      "dependencies": {
        "hyphenate-style-name": "^1.0.3"
      }
    },
    "node_modules/csstype": {
      "version": "3.0.9",
      "resolved": "https://registry.npmjs.org/csstype/-/csstype-3.0.9.tgz",
      "integrity": "sha512-rpw6JPxK6Rfg1zLOYCSwle2GFOOsnjmDYDaBwEcwoOg4qlsIVCN789VkBZDJAGi4T07gI4YSutR43t9Zz4Lzuw==",
      "peer": true
    },
    "node_modules/fast-loops": {
      "version": "1.1.3",
      "resolved": "https://registry.npmjs.org/fast-loops/-/fast-loops-1.1.3.tgz",
      "integrity": "sha512-8EZzEP0eKkEEVX+drtd9mtuQ+/QrlfW/5MlwcwK5Nds6EkZ/tRzEexkzUY2mIssnAyVLT+TKHuRXmFNNXYUd6g=="
    },
    "node_modules/fela": {
      "version": "11.7.0",
      "resolved": "https://registry.npmjs.org/fela/-/fela-11.7.0.tgz",
      "integrity": "sha512-hUn39q4lUa1KtN1S2baGKvJDWLLjKq7gDCUWJPXQQJa6STWeGwv20xldNLdx8iGx/t5DeHJ4gIBLuI5r++dBGg==",
      "peer": true,
      "dependencies": {
        "css-in-js-utils": "^3.0.0",
        "csstype": "^3.0.5",
        "fast-loops": "^1.0.0",
        "fela-utils": "^11.7.0",
        "isobject": "^3.0.1"
      }
    },
    "node_modules/fela-plugin-embedded": {
      "version": "11.7.0",
      "resolved": "https://registry.npmjs.org/fela-plugin-embedded/-/fela-plugin-embedded-11.7.0.tgz",
      "integrity": "sha512-ooaVZQXjiFZ5OLaPvae0cHlKquUVnprdaLYWWRabk7EvNtA4fYIWnF8Y5FhKtPKyBxBXbjzFs1OD1ZTekPMMsw==",
      "dependencies": {
        "fast-loops": "^1.0.0",
        "isobject": "^3.0.1"
      }
    },
    "node_modules/fela-plugin-extend": {
      "version": "11.7.0",
      "resolved": "https://registry.npmjs.org/fela-plugin-extend/-/fela-plugin-extend-11.7.0.tgz",
      "integrity": "sha512-eVbrdGQKqCTLg3KdAnIjUgcaQXyv2H40AaY4ALeA+J35WC6fpnZRmpKwWlYRkyPM2cfmBewp+HwjcIC2pBscXQ==",
      "dependencies": {
        "css-in-js-utils": "^3.0.0",
        "fast-loops": "^1.0.0",
        "fela-utils": "^11.7.0",
        "isobject": "^3.0.1"
      },
      "peerDependencies": {
        "fela": "^11.2.0"
      }
    },
    "node_modules/fela-plugin-friendly-pseudo-class": {
      "version": "11.7.0",
      "resolved": "https://registry.npmjs.org/fela-plugin-friendly-pseudo-class/-/fela-plugin-friendly-pseudo-class-11.7.0.tgz",
      "integrity": "sha512-Spxm+8t/Wec7kXnzrsx8nwTV0aROSykzEg/V1Zbm3Hqgu9Mmq4Xwj8S4v500gO2+/YZ3grT9w7Dya9140YY2ug==",
      "dependencies": {
        "isobject": "^3.0.1"
      }
    },
    "node_modules/fela-plugin-responsive-value": {
      "version": "11.7.0",
      "resolved": "https://registry.npmjs.org/fela-plugin-responsive-value/-/fela-plugin-responsive-value-11.7.0.tgz",
      "integrity": "sha512-TVG3Y0RNa0M/4N6huwBzLESYKKTBXdJaCgxLNqGUt3NWespgmRXEDaqkGkurRQ/MrLa/jH4HabGkkMtLUVBC/w==",
      "dependencies": {
        "css-in-js-utils": "^3.0.0",
        "fast-loops": "^1.0.0",
        "isobject": "^3.0.1"
      }
    },
    "node_modules/fela-utils": {
      "version": "11.7.0",
      "resolved": "https://registry.npmjs.org/fela-utils/-/fela-utils-11.7.0.tgz",
      "integrity": "sha512-s/3QJtkCesH+2/yJDpedHVAvMgKy9hSt2++6l7Xjio5BixiUnvkwbqdCV/fcAb4E3reJLNzYeatgPdcw4HVXRQ==",
      "dependencies": {
        "css-in-js-utils": "^3.0.0",
        "fast-loops": "^1.0.0"
      }
    },
    "node_modules/hyphenate-style-name": {
      "version": "1.0.4",
      "resolved": "https://registry.npmjs.org/hyphenate-style-name/-/hyphenate-style-name-1.0.4.tgz",
      "integrity": "sha512-ygGZLjmXfPHj+ZWh6LwbC37l43MhfztxetbFCoYTM2VjkIUpeHgSNn7QIyVFj7YQ1Wl9Cbw5sholVJPzWvC2MQ=="
    },
    "node_modules/isobject": {
      "version": "3.0.1",
      "resolved": "https://registry.npmjs.org/isobject/-/isobject-3.0.1.tgz",
      "integrity": "sha1-TkMekrEalzFjaqH5yNHMvP2reN8=",
      "engines": {
        "node": ">=0.10.0"
      }
    }
  },
  "dependencies": {
    "css-in-js-utils": {
      "version": "3.1.0",
      "resolved": "https://registry.npmjs.org/css-in-js-utils/-/css-in-js-utils-3.1.0.tgz",
      "integrity": "sha512-fJAcud6B3rRu+KHYk+Bwf+WFL2MDCJJ1XG9x137tJQ0xYxor7XziQtuGFbWNdqrvF4Tk26O3H73nfVqXt/fW1A==",
      "requires": {
        "hyphenate-style-name": "^1.0.3"
      }
    },
    "csstype": {
      "version": "3.0.9",
      "resolved": "https://registry.npmjs.org/csstype/-/csstype-3.0.9.tgz",
      "integrity": "sha512-rpw6JPxK6Rfg1zLOYCSwle2GFOOsnjmDYDaBwEcwoOg4qlsIVCN789VkBZDJAGi4T07gI4YSutR43t9Zz4Lzuw==",
      "peer": true
    },
    "fast-loops": {
      "version": "1.1.3",
      "resolved": "https://registry.npmjs.org/fast-loops/-/fast-loops-1.1.3.tgz",
      "integrity": "sha512-8EZzEP0eKkEEVX+drtd9mtuQ+/QrlfW/5MlwcwK5Nds6EkZ/tRzEexkzUY2mIssnAyVLT+TKHuRXmFNNXYUd6g=="
    },
    "fela": {
      "version": "11.7.0",
      "resolved": "https://registry.npmjs.org/fela/-/fela-11.7.0.tgz",
      "integrity": "sha512-hUn39q4lUa1KtN1S2baGKvJDWLLjKq7gDCUWJPXQQJa6STWeGwv20xldNLdx8iGx/t5DeHJ4gIBLuI5r++dBGg==",
      "peer": true,
      "requires": {
        "css-in-js-utils": "^3.0.0",
        "csstype": "^3.0.5",
        "fast-loops": "^1.0.0",
        "fela-utils": "^11.7.0",
        "isobject": "^3.0.1"
      }
    },
    "fela-plugin-embedded": {
      "version": "11.7.0",
      "resolved": "https://registry.npmjs.org/fela-plugin-embedded/-/fela-plugin-embedded-11.7.0.tgz",
      "integrity": "sha512-ooaVZQXjiFZ5OLaPvae0cHlKquUVnprdaLYWWRabk7EvNtA4fYIWnF8Y5FhKtPKyBxBXbjzFs1OD1ZTekPMMsw==",
      "requires": {
        "fast-loops": "^1.0.0",
        "isobject": "^3.0.1"
      }
    },
    "fela-plugin-extend": {
      "version": "11.7.0",
      "resolved": "https://registry.npmjs.org/fela-plugin-extend/-/fela-plugin-extend-11.7.0.tgz",
      "integrity": "sha512-eVbrdGQKqCTLg3KdAnIjUgcaQXyv2H40AaY4ALeA+J35WC6fpnZRmpKwWlYRkyPM2cfmBewp+HwjcIC2pBscXQ==",
      "requires": {
        "css-in-js-utils": "^3.0.0",
        "fast-loops": "^1.0.0",
        "fela-utils": "^11.7.0",
        "isobject": "^3.0.1"
      }
    },
    "fela-plugin-friendly-pseudo-class": {
      "version": "11.7.0",
      "resolved": "https://registry.npmjs.org/fela-plugin-friendly-pseudo-class/-/fela-plugin-friendly-pseudo-class-11.7.0.tgz",
      "integrity": "sha512-Spxm+8t/Wec7kXnzrsx8nwTV0aROSykzEg/V1Zbm3Hqgu9Mmq4Xwj8S4v500gO2+/YZ3grT9w7Dya9140YY2ug==",
      "requires": {
        "isobject": "^3.0.1"
      }
    },
    "fela-plugin-responsive-value": {
      "version": "11.7.0",
      "resolved": "https://registry.npmjs.org/fela-plugin-responsive-value/-/fela-plugin-responsive-value-11.7.0.tgz",
      "integrity": "sha512-TVG3Y0RNa0M/4N6huwBzLESYKKTBXdJaCgxLNqGUt3NWespgmRXEDaqkGkurRQ/MrLa/jH4HabGkkMtLUVBC/w==",
      "requires": {
        "css-in-js-utils": "^3.0.0",
        "fast-loops": "^1.0.0",
        "isobject": "^3.0.1"
      }
    },
    "fela-utils": {
      "version": "11.7.0",
      "resolved": "https://registry.npmjs.org/fela-utils/-/fela-utils-11.7.0.tgz",
      "integrity": "sha512-s/3QJtkCesH+2/yJDpedHVAvMgKy9hSt2++6l7Xjio5BixiUnvkwbqdCV/fcAb4E3reJLNzYeatgPdcw4HVXRQ==",
      "requires": {
        "css-in-js-utils": "^3.0.0",
        "fast-loops": "^1.0.0"
      }
    },
    "hyphenate-style-name": {
      "version": "1.0.4",
      "resolved": "https://registry.npmjs.org/hyphenate-style-name/-/hyphenate-style-name-1.0.4.tgz",
      "integrity": "sha512-ygGZLjmXfPHj+ZWh6LwbC37l43MhfztxetbFCoYTM2VjkIUpeHgSNn7QIyVFj7YQ1Wl9Cbw5sholVJPzWvC2MQ=="
    },
    "isobject": {
      "version": "3.0.1",
      "resolved": "https://registry.npmjs.org/isobject/-/isobject-3.0.1.tgz",
      "integrity": "sha1-TkMekrEalzFjaqH5yNHMvP2reN8="
    }
  }
}
